
Microsoft Visual Studio Solution File, Format Version 12.00
# Visual Studio 15
VisualStudioVersion = 15.0.28307.329
MinimumVisualStudioVersion = 10.0.40219.1
Project("{FAE04EC0-301F-11D3-BF4B-00C04F79EFBC}") = "01_Hello_World", "01_Hello_World\01_Hello_World.csproj", "{CCF69EAB-F82D-4DE4-95CF-FE56A3FC8FCD}"
EndProject
Global
	GlobalSection(SolutionConfigurationPlatforms) = preSolution
		Debug|Any CPU = Debug|Any CPU
		Release|Any CPU = Release|Any CPU
	EndGlobalSection
	GlobalSection(ProjectConfigurationPlatforms) = postSolution
		{CCF69EAB-F82D-4DE4-95CF-FE56A3FC8FCD}.Debug|Any CPU.ActiveCfg = Debug|Any CPU
		{CCF69EAB-F82D-4DE4-95CF-FE56A3FC8FCD}.Debug|Any CPU.Build.0 = Debug|Any CPU
		{CCF69EAB-F82D-4DE4-95CF-FE56A3FC8FCD}.Release|Any CPU.ActiveCfg = Release|Any CPU
		{CCF69EAB-F82D-4DE4-95CF-FE56A3FC8FCD}.Release|Any CPU.Build.0 = Release|Any CPU
	EndGlobalSection
	GlobalSection(SolutionProperties) = preSolution
		HideSolutionNode = FALSE
	EndGlobalSection
	GlobalSection(ExtensibilityGlobals) = postSolution
		SolutionGuid = {F6E5E4FA-396E-4E72-B1DD-96EE501CE1BE}
	EndGlobalSection
EndGlobal
