
Microsoft Visual Studio Solution File, Format Version 12.00
# Visual Studio 15
VisualStudioVersion = 15.0.28307.329
MinimumVisualStudioVersion = 10.0.40219.1
Project("{FAE04EC0-301F-11D3-BF4B-00C04F79EFBC}") = "01_Hello_World", "01_Hello_World\01_Hello_World.csproj", "{CCF69EAB-F82D-4DE4-95CF-FE56A3FC8FCD}"
EndProject
Project("{FAE04EC0-301F-11D3-BF4B-00C04F79EFBC}") = "02_DotNetFundamentals_In_A_Test_Project", "02_DotNetFundamentals_In_A_Test_Project\02_DotNetFundamentals_In_A_Test_Project.csproj", "{C44D400E-09B7-49FA-BF4D-0A38C1A84470}"
EndProject
Project("{FAE04EC0-301F-11D3-BF4B-00C04F79EFBC}") = "04_Calculator_Repository_Pattern", "04_Calculator_Repository_Pattern\04_Calculator_Repository_Pattern.csproj", "{47D6DE50-F6C6-4D62-92D9-47C489D7FA4E}"
EndProject
Project("{FAE04EC0-301F-11D3-BF4B-00C04F79EFBC}") = "04_Calculator_Repository_Pattern_Tests", "04_Calculator_Repository_Pattern_Tests\04_Calculator_Repository_Pattern_Tests.csproj", "{A616D24D-3BFC-4B0F-A5A3-83EBE21E33A8}"
EndProject
Global
	GlobalSection(SolutionConfigurationPlatforms) = preSolution
		Debug|Any CPU = Debug|Any CPU
		Release|Any CPU = Release|Any CPU
	EndGlobalSection
	GlobalSection(ProjectConfigurationPlatforms) = postSolution
		{CCF69EAB-F82D-4DE4-95CF-FE56A3FC8FCD}.Debug|Any CPU.ActiveCfg = Debug|Any CPU
		{CCF69EAB-F82D-4DE4-95CF-FE56A3FC8FCD}.Debug|Any CPU.Build.0 = Debug|Any CPU
		{CCF69EAB-F82D-4DE4-95CF-FE56A3FC8FCD}.Release|Any CPU.ActiveCfg = Release|Any CPU
		{CCF69EAB-F82D-4DE4-95CF-FE56A3FC8FCD}.Release|Any CPU.Build.0 = Release|Any CPU
		{C44D400E-09B7-49FA-BF4D-0A38C1A84470}.Debug|Any CPU.ActiveCfg = Debug|Any CPU
		{C44D400E-09B7-49FA-BF4D-0A38C1A84470}.Debug|Any CPU.Build.0 = Debug|Any CPU
		{C44D400E-09B7-49FA-BF4D-0A38C1A84470}.Release|Any CPU.ActiveCfg = Release|Any CPU
		{C44D400E-09B7-49FA-BF4D-0A38C1A84470}.Release|Any CPU.Build.0 = Release|Any CPU
		{47D6DE50-F6C6-4D62-92D9-47C489D7FA4E}.Debug|Any CPU.ActiveCfg = Debug|Any CPU
		{47D6DE50-F6C6-4D62-92D9-47C489D7FA4E}.Debug|Any CPU.Build.0 = Debug|Any CPU
		{47D6DE50-F6C6-4D62-92D9-47C489D7FA4E}.Release|Any CPU.ActiveCfg = Release|Any CPU
		{47D6DE50-F6C6-4D62-92D9-47C489D7FA4E}.Release|Any CPU.Build.0 = Release|Any CPU
		{A616D24D-3BFC-4B0F-A5A3-83EBE21E33A8}.Debug|Any CPU.ActiveCfg = Debug|Any CPU
		{A616D24D-3BFC-4B0F-A5A3-83EBE21E33A8}.Debug|Any CPU.Build.0 = Debug|Any CPU
		{A616D24D-3BFC-4B0F-A5A3-83EBE21E33A8}.Release|Any CPU.ActiveCfg = Release|Any CPU
		{A616D24D-3BFC-4B0F-A5A3-83EBE21E33A8}.Release|Any CPU.Build.0 = Release|Any CPU
	EndGlobalSection
	GlobalSection(SolutionProperties) = preSolution
		HideSolutionNode = FALSE
	EndGlobalSection
	GlobalSection(ExtensibilityGlobals) = postSolution
		SolutionGuid = {F6E5E4FA-396E-4E72-B1DD-96EE501CE1BE}
	EndGlobalSection
EndGlobal
